{
  "name": "@menuo/shared",
  "version": "1.0.3",
  "lockfileVersion": 1,
  "requires": true,
  "dependencies": {
    "@types/ramda": {
      "version": "0.26.39",
      "resolved": "https://registry.npmjs.org/@types/ramda/-/ramda-0.26.39.tgz",
      "integrity": "sha512-3bu32X02VpjJhsYPUWkdOQGoBXjb/UveZgGg4IYMm+SPAXio96BOYrRhVELfM4AoP00sxoi/f2tqrXdwtR4jjg==",
      "requires": {
        "ts-toolbelt": "^4.12.0"
      }
    },
    "ramda": {
      "version": "0.26.1",
      "resolved": "https://registry.npmjs.org/ramda/-/ramda-0.26.1.tgz",
      "integrity": "sha512-hLWjpy7EnsDBb0p+Z3B7rPi3GDeRG5ZtiI33kJhTt+ORCd38AbAIjB/9zRIUoeTbE/AVX5ZkU7m6bznsvrf8eQ=="
    },
    "ts-toolbelt": {
      "version": "4.14.6",
      "resolved": "https://registry.npmjs.org/ts-toolbelt/-/ts-toolbelt-4.14.6.tgz",
      "integrity": "sha512-SONcnRd93+LuYGfn/CZg5A5qhCODohZslAVZKHHu5bnwUxoXLqd2k2VIdwRUXYfKnY+UCeNbI2pTPz+Dno6Mpg=="
    },
    "typescript": {
      "version": "3.7.4",
      "resolved": "https://registry.npmjs.org/typescript/-/typescript-3.7.4.tgz",
      "integrity": "sha512-A25xv5XCtarLwXpcDNZzCGvW2D1S3/bACratYBx2sax8PefsFhlYmkQicKHvpYflFS8if4zne5zT5kpJ7pzuvw==",
      "dev": true
    }
  }
}
